
Microsoft Visual Studio Solution File, Format Version 12.00
# Visual Studio 15
VisualStudioVersion = 15.0.27130.2010
MinimumVisualStudioVersion = 10.0.40219.1
Project("{E24C65DC-7377-472B-9ABA-BC803B73C61A}") = "StefaniniWEB", "StefaniniWEB\", "{884DACF9-92F4-416C-B609-9B6D839A9833}"
	ProjectSection(WebsiteProperties) = preProject
		TargetFrameworkMoniker = ".NETFramework,Version%3Dv3.5"
		Debug.AspNetCompiler.VirtualPath = "/localhost_61284"
		Debug.AspNetCompiler.PhysicalPath = "StefaniniWEB\"
		Debug.AspNetCompiler.TargetPath = "PrecompiledWeb\localhost_61284\"
		Debug.AspNetCompiler.Updateable = "true"
		Debug.AspNetCompiler.ForceOverwrite = "true"
		Debug.AspNetCompiler.FixedNames = "false"
		Debug.AspNetCompiler.Debug = "True"
		Release.AspNetCompiler.VirtualPath = "/localhost_61284"
		Release.AspNetCompiler.PhysicalPath = "StefaniniWEB\"
		Release.AspNetCompiler.TargetPath = "PrecompiledWeb\localhost_61284\"
		Release.AspNetCompiler.Updateable = "true"
		Release.AspNetCompiler.ForceOverwrite = "true"
		Release.AspNetCompiler.FixedNames = "false"
		Release.AspNetCompiler.Debug = "False"
		VWDPort = "61284"
		SlnRelativePath = "StefaniniWEB\"
		DefaultWebSiteLanguage = "Visual C#"
	EndProjectSection
EndProject
Global
	GlobalSection(SolutionConfigurationPlatforms) = preSolution
		Debug|Any CPU = Debug|Any CPU
	EndGlobalSection
	GlobalSection(ProjectConfigurationPlatforms) = postSolution
		{884DACF9-92F4-416C-B609-9B6D839A9833}.Debug|Any CPU.ActiveCfg = Debug|Any CPU
		{884DACF9-92F4-416C-B609-9B6D839A9833}.Debug|Any CPU.Build.0 = Debug|Any CPU
	EndGlobalSection
	GlobalSection(SolutionProperties) = preSolution
		HideSolutionNode = FALSE
	EndGlobalSection
	GlobalSection(ExtensibilityGlobals) = postSolution
		SolutionGuid = {A70AA8B6-5A58-4280-92F6-E168E957EDC8}
	EndGlobalSection
EndGlobal
